
Microsoft Visual Studio Solution File, Format Version 12.00
# Visual Studio Version 17
VisualStudioVersion = 17.8.34309.116
MinimumVisualStudioVersion = 10.0.40219.1
Project("{FAE04EC0-301F-11D3-BF4B-00C04F79EFBC}") = "bc200408574", "bc200408574.csproj", "{6553D026-72F1-4151-BA74-C4D7D5C09A3D}"
EndProject
Global
	GlobalSection(SolutionConfigurationPlatforms) = preSolution
		Debug|Any CPU = Debug|Any CPU
		Release|Any CPU = Release|Any CPU
	EndGlobalSection
	GlobalSection(ProjectConfigurationPlatforms) = postSolution
		{6553D026-72F1-4151-BA74-C4D7D5C09A3D}.Debug|Any CPU.ActiveCfg = Debug|Any CPU
		{6553D026-72F1-4151-BA74-C4D7D5C09A3D}.Debug|Any CPU.Build.0 = Debug|Any CPU
		{6553D026-72F1-4151-BA74-C4D7D5C09A3D}.Release|Any CPU.ActiveCfg = Release|Any CPU
		{6553D026-72F1-4151-BA74-C4D7D5C09A3D}.Release|Any CPU.Build.0 = Release|Any CPU
	EndGlobalSection
	GlobalSection(SolutionProperties) = preSolution
		HideSolutionNode = FALSE
	EndGlobalSection
	GlobalSection(ExtensibilityGlobals) = postSolution
		SolutionGuid = {01BFAAD7-1137-41ED-8EC5-2157039ABE49}
	EndGlobalSection
EndGlobal
